<?xml version="1.0" encoding="utf-8"?>
<Project ToolsVersion="4.0" xmlns="http://schemas.microsoft.com/developer/msbuild/2003">
  <ItemGroup>
    <Filter Include="Source Files">
      <UniqueIdentifier>{4FC737F1-C7A5-4376-A066-2A32D752A2FF}</UniqueIdentifier>
      <Extensions>cpp;c;cc;cxx;c++;cppm;ixx;def;odl;idl;hpj;bat;asm;asmx</Extensions>
    </Filter>
    <Filter Include="Header Files">
      <UniqueIdentifier>{93995380-89BD-4b04-88EB-625FBE52EBFB}</UniqueIdentifier>
      <Extensions>h;hh;hpp;hxx;h++;hm;inl;inc;ipp;xsd</Extensions>
    </Filter>
    <Filter Include="Resource Files">
      <UniqueIdentifier>{67DA6AB6-F800-4c08-8B7A-83BB121AAD01}</UniqueIdentifier>
      <Extensions>rc;ico;cur;bmp;dlg;rc2;rct;bin;rgs;gif;jpg;jpeg;jpe;resx;tiff;tif;png;wav;mfcribbon-ms</Extensions>
    </Filter>
    <Filter Include="Source Files\Chess_pieces">
      <UniqueIdentifier>{49d4a63f-97ff-42e4-b897-984cf84f0cc1}</UniqueIdentifier>
    </Filter>
    <Filter Include="Source Files\helper">
      <UniqueIdentifier>{28f1f0db-4703-4e2d-a868-5b43ec962057}</UniqueIdentifier>
    </Filter>
  </ItemGroup>
  <ItemGroup>
    <ClCompile Include="Chess_game.cpp">
      <Filter>Source Files</Filter>
    </ClCompile>
    <ClCompile Include="Chess_pieces\Bishop.cpp">
      <Filter>Source Files\Chess_pieces</Filter>
    </ClCompile>
    <ClCompile Include="Chess_pieces\King.cpp">
      <Filter>Source Files\Chess_pieces</Filter>
    </ClCompile>
    <ClCompile Include="Chess_pieces\Knight.cpp">
      <Filter>Source Files\Chess_pieces</Filter>
    </ClCompile>
    <ClCompile Include="Chess_pieces\Pawn.cpp">
      <Filter>Source Files\Chess_pieces</Filter>
    </ClCompile>
    <ClCompile Include="Chess_pieces\Piece.cpp">
      <Filter>Source Files\Chess_pieces</Filter>
    </ClCompile>
    <ClCompile Include="Chess_pieces\Rook.cpp">
      <Filter>Source Files\Chess_pieces</Filter>
    </ClCompile>
    <ClCompile Include="Chess_pieces\Queen.cpp">
      <Filter>Source Files\Chess_pieces</Filter>
    </ClCompile>
    <ClCompile Include="ImageHelper.cpp">
      <Filter>Source Files\helper</Filter>
    </ClCompile>
    <ClCompile Include="AudioHelper.cpp">
      <Filter>Source Files\helper</Filter>
    </ClCompile>
    <ClCompile Include="Promotion.cpp">
      <Filter>Source Files</Filter>
    </ClCompile>
  </ItemGroup>
  <ItemGroup>
    <ClInclude Include="ImageHelper.h">
      <Filter>Header Files</Filter>
    </ClInclude>
    <ClInclude Include="AudioHelper.h">
      <Filter>Header Files</Filter>
    </ClInclude>
    <ClInclude Include="Chess_pieces\Piece_types.h">
      <Filter>Header Files</Filter>
    </ClInclude>
    <ClInclude Include="Chess_pieces\Bishop.h">
      <Filter>Header Files</Filter>
    </ClInclude>
    <ClInclude Include="Chess_pieces\Pawn.h">
      <Filter>Header Files</Filter>
    </ClInclude>
    <ClInclude Include="Chess_pieces\Rook.h">
      <Filter>Header Files</Filter>
    </ClInclude>
    <ClInclude Include="Chess_pieces\Queen.h">
      <Filter>Header Files</Filter>
    </ClInclude>
    <ClInclude Include="Chess_pieces\King.h">
      <Filter>Header Files</Filter>
    </ClInclude>
    <ClInclude Include="Chess_pieces\Piece.h">
      <Filter>Header Files</Filter>
    </ClInclude>
    <ClInclude Include="Chess_pieces\Knight.h">
      <Filter>Header Files</Filter>
    </ClInclude>
    <ClInclude Include="Chess_pieces\chess_pieces.h">
      <Filter>Header Files</Filter>
    </ClInclude>
    <ClInclude Include="Promotion.h">
      <Filter>Header Files</Filter>
    </ClInclude>
  </ItemGroup>
</Project>